
Microsoft Visual Studio Solution File, Format Version 12.00
# Visual Studio 15
VisualStudioVersion = 15.0.28307.271
MinimumVisualStudioVersion = 10.0.40219.1
Project("{8BC9CEB8-8B4A-11D0-8D11-00A0C91BC942}") = "practice5.4", "practice5.4.vcxproj", "{001F6A00-2DD3-4DBF-9977-8162B7BEE2B5}"
EndProject
Global
	GlobalSection(SolutionConfigurationPlatforms) = preSolution
		Debug|x64 = Debug|x64
		Debug|x86 = Debug|x86
		Release|x64 = Release|x64
		Release|x86 = Release|x86
	EndGlobalSection
	GlobalSection(ProjectConfigurationPlatforms) = postSolution
		{001F6A00-2DD3-4DBF-9977-8162B7BEE2B5}.Debug|x64.ActiveCfg = Debug|x64
		{001F6A00-2DD3-4DBF-9977-8162B7BEE2B5}.Debug|x64.Build.0 = Debug|x64
		{001F6A00-2DD3-4DBF-9977-8162B7BEE2B5}.Debug|x86.ActiveCfg = Debug|Win32
		{001F6A00-2DD3-4DBF-9977-8162B7BEE2B5}.Debug|x86.Build.0 = Debug|Win32
		{001F6A00-2DD3-4DBF-9977-8162B7BEE2B5}.Release|x64.ActiveCfg = Release|x64
		{001F6A00-2DD3-4DBF-9977-8162B7BEE2B5}.Release|x64.Build.0 = Release|x64
		{001F6A00-2DD3-4DBF-9977-8162B7BEE2B5}.Release|x86.ActiveCfg = Release|Win32
		{001F6A00-2DD3-4DBF-9977-8162B7BEE2B5}.Release|x86.Build.0 = Release|Win32
	EndGlobalSection
	GlobalSection(SolutionProperties) = preSolution
		HideSolutionNode = FALSE
	EndGlobalSection
	GlobalSection(ExtensibilityGlobals) = postSolution
		SolutionGuid = {20CB47B6-651C-4F48-B62B-AE14F03AD99E}
	EndGlobalSection
EndGlobal
